
Microsoft Visual Studio Solution File, Format Version 12.00
# Visual Studio Version 17
VisualStudioVersion = 17.9.34728.123
MinimumVisualStudioVersion = 10.0.40219.1
Project("{9A19103F-16F7-4668-BE54-9A1E7A4F7556}") = "LabWork30", "LabWork30.csproj", "{C70CFBBD-113B-4B46-B590-270FF6CF8100}"
EndProject
Project("{9A19103F-16F7-4668-BE54-9A1E7A4F7556}") = "№2", "..\№2\№2.csproj", "{66656051-5005-496B-8A0F-62A2E39A08AE}"
EndProject
Project("{2150E333-8FDC-42A3-9474-1A3956D46DE8}") = "Solution Items", "Solution Items", "{6A5D26F6-8912-4001-A4FC-549E2A1D9009}"
	ProjectSection(SolutionItems) = preProject
		.editorconfig = .editorconfig
	EndProjectSection
EndProject
Global
	GlobalSection(SolutionConfigurationPlatforms) = preSolution
		Debug|Any CPU = Debug|Any CPU
		Release|Any CPU = Release|Any CPU
	EndGlobalSection
	GlobalSection(ProjectConfigurationPlatforms) = postSolution
		{C70CFBBD-113B-4B46-B590-270FF6CF8100}.Debug|Any CPU.ActiveCfg = Debug|Any CPU
		{C70CFBBD-113B-4B46-B590-270FF6CF8100}.Debug|Any CPU.Build.0 = Debug|Any CPU
		{C70CFBBD-113B-4B46-B590-270FF6CF8100}.Release|Any CPU.ActiveCfg = Release|Any CPU
		{C70CFBBD-113B-4B46-B590-270FF6CF8100}.Release|Any CPU.Build.0 = Release|Any CPU
		{66656051-5005-496B-8A0F-62A2E39A08AE}.Debug|Any CPU.ActiveCfg = Debug|Any CPU
		{66656051-5005-496B-8A0F-62A2E39A08AE}.Debug|Any CPU.Build.0 = Debug|Any CPU
		{66656051-5005-496B-8A0F-62A2E39A08AE}.Release|Any CPU.ActiveCfg = Release|Any CPU
		{66656051-5005-496B-8A0F-62A2E39A08AE}.Release|Any CPU.Build.0 = Release|Any CPU
	EndGlobalSection
	GlobalSection(SolutionProperties) = preSolution
		HideSolutionNode = FALSE
	EndGlobalSection
	GlobalSection(ExtensibilityGlobals) = postSolution
		SolutionGuid = {00BE4AF0-E6C4-49D7-BF9D-D108C5C6C8DF}
	EndGlobalSection
EndGlobal
